// !$*UTF8*$!
{
	archiveVersion = 1;
	classes = {
	};
	objectVersion = 55;
	objects = {

/* Begin PBXBuildFile section */
		015036243E24064C26CF70CB /* libPods-Instagram-InstagramUITests.a in Frameworks */ = {isa = PBXBuildFile; fileRef = 7F1989D6CA971BF79931B386 /* libPods-Instagram-InstagramUITests.a */; };
		4F9C8690286A2862000D2259 /* AppDelegate.m in Sources */ = {isa = PBXBuildFile; fileRef = 4F9C868F286A2862000D2259 /* AppDelegate.m */; };
		4F9C8693286A2862000D2259 /* SceneDelegate.m in Sources */ = {isa = PBXBuildFile; fileRef = 4F9C8692286A2862000D2259 /* SceneDelegate.m */; };
		4F9C8699286A2863000D2259 /* Main.storyboard in Resources */ = {isa = PBXBuildFile; fileRef = 4F9C8697286A2863000D2259 /* Main.storyboard */; };
		4F9C869B286A2863000D2259 /* Assets.xcassets in Resources */ = {isa = PBXBuildFile; fileRef = 4F9C869A286A2863000D2259 /* Assets.xcassets */; };
		4F9C869E286A2863000D2259 /* LaunchScreen.storyboard in Resources */ = {isa = PBXBuildFile; fileRef = 4F9C869C286A2863000D2259 /* LaunchScreen.storyboard */; };
		4F9C86A1286A2863000D2259 /* main.m in Sources */ = {isa = PBXBuildFile; fileRef = 4F9C86A0286A2863000D2259 /* main.m */; };
		4F9C86AB286A2863000D2259 /* InstagramTests.m in Sources */ = {isa = PBXBuildFile; fileRef = 4F9C86AA286A2863000D2259 /* InstagramTests.m */; };
		4F9C86B5286A2863000D2259 /* InstagramUITests.m in Sources */ = {isa = PBXBuildFile; fileRef = 4F9C86B4286A2863000D2259 /* InstagramUITests.m */; };
		4F9C86B7286A2863000D2259 /* InstagramUITestsLaunchTests.m in Sources */ = {isa = PBXBuildFile; fileRef = 4F9C86B6286A2863000D2259 /* InstagramUITestsLaunchTests.m */; };
		4F9C86C5286A45F9000D2259 /* LoginViewController.m in Sources */ = {isa = PBXBuildFile; fileRef = 4F9C86C4286A45F9000D2259 /* LoginViewController.m */; };
		4F9C86C8286A4767000D2259 /* HomeFeedViewController.m in Sources */ = {isa = PBXBuildFile; fileRef = 4F9C86C7286A4767000D2259 /* HomeFeedViewController.m */; };
		4F9C86CB286A4CA9000D2259 /* ComposeViewController.m in Sources */ = {isa = PBXBuildFile; fileRef = 4F9C86CA286A4CA9000D2259 /* ComposeViewController.m */; };
		4F9C86CF286A5119000D2259 /* Keys.plist in Resources */ = {isa = PBXBuildFile; fileRef = 4F9C86CE286A5119000D2259 /* Keys.plist */; };
		4F9C86D2286A572A000D2259 /* ProfileViewController.m in Sources */ = {isa = PBXBuildFile; fileRef = 4F9C86D1286A572A000D2259 /* ProfileViewController.m */; };
		4F9C86D5286B5DC4000D2259 /* Post.m in Sources */ = {isa = PBXBuildFile; fileRef = 4F9C86D4286B5DC4000D2259 /* Post.m */; };
		4F9C86D8286B7256000D2259 /* PostCell.m in Sources */ = {isa = PBXBuildFile; fileRef = 4F9C86D7286B7256000D2259 /* PostCell.m */; };
		4F9C86DC286BA6FD000D2259 /* DetailsViewController.m in Sources */ = {isa = PBXBuildFile; fileRef = 4F9C86DB286BA6FD000D2259 /* DetailsViewController.m */; };
		563C63AA1C456903AB8FFB94 /* libPods-Instagram.a in Frameworks */ = {isa = PBXBuildFile; fileRef = F0EC6372950513D0FB8A1DE2 /* libPods-Instagram.a */; };
		F7A00337EC4EF7A579AA7F2B /* libPods-InstagramTests.a in Frameworks */ = {isa = PBXBuildFile; fileRef = 9D80C88546C5EA49B67C5ED1 /* libPods-InstagramTests.a */; };
/* End PBXBuildFile section */

/* Begin PBXContainerItemProxy section */
		4F9C86A7286A2863000D2259 /* PBXContainerItemProxy */ = {
			isa = PBXContainerItemProxy;
			containerPortal = 4F9C8683286A2862000D2259 /* Project object */;
			proxyType = 1;
			remoteGlobalIDString = 4F9C868A286A2862000D2259;
			remoteInfo = Instagram;
		};
		4F9C86B1286A2863000D2259 /* PBXContainerItemProxy */ = {
			isa = PBXContainerItemProxy;
			containerPortal = 4F9C8683286A2862000D2259 /* Project object */;
			proxyType = 1;
			remoteGlobalIDString = 4F9C868A286A2862000D2259;
			remoteInfo = Instagram;
		};
/* End PBXContainerItemProxy section */

/* Begin PBXFileReference section */
		0655DF96DA780F49EB95EE20 /* Pods-Instagram.release.xcconfig */ = {isa = PBXFileReference; includeInIndex = 1; lastKnownFileType = text.xcconfig; name = "Pods-Instagram.release.xcconfig"; path = "Target Support Files/Pods-Instagram/Pods-Instagram.release.xcconfig"; sourceTree = "<group>"; };
		4F9C868B286A2862000D2259 /* Instagram.app */ = {isa = PBXFileReference; explicitFileType = wrapper.application; includeInIndex = 0; path = Instagram.app; sourceTree = BUILT_PRODUCTS_DIR; };
		4F9C868E286A2862000D2259 /* AppDelegate.h */ = {isa = PBXFileReference; lastKnownFileType = sourcecode.c.h; path = AppDelegate.h; sourceTree = "<group>"; };
		4F9C868F286A2862000D2259 /* AppDelegate.m */ = {isa = PBXFileReference; lastKnownFileType = sourcecode.c.objc; path = AppDelegate.m; sourceTree = "<group>"; };
		4F9C8691286A2862000D2259 /* SceneDelegate.h */ = {isa = PBXFileReference; lastKnownFileType = sourcecode.c.h; path = SceneDelegate.h; sourceTree = "<group>"; };
		4F9C8692286A2862000D2259 /* SceneDelegate.m */ = {isa = PBXFileReference; lastKnownFileType = sourcecode.c.objc; path = SceneDelegate.m; sourceTree = "<group>"; };
		4F9C8698286A2863000D2259 /* Base */ = {isa = PBXFileReference; lastKnownFileType = file.storyboard; name = Base; path = Base.lproj/Main.storyboard; sourceTree = "<group>"; };
		4F9C869A286A2863000D2259 /* Assets.xcassets */ = {isa = PBXFileReference; lastKnownFileType = folder.assetcatalog; path = Assets.xcassets; sourceTree = "<group>"; };
		4F9C869D286A2863000D2259 /* Base */ = {isa = PBXFileReference; lastKnownFileType = file.storyboard; name = Base; path = Base.lproj/LaunchScreen.storyboard; sourceTree = "<group>"; };
		4F9C869F286A2863000D2259 /* Info.plist */ = {isa = PBXFileReference; lastKnownFileType = text.plist.xml; path = Info.plist; sourceTree = "<group>"; };
		4F9C86A0286A2863000D2259 /* main.m */ = {isa = PBXFileReference; lastKnownFileType = sourcecode.c.objc; path = main.m; sourceTree = "<group>"; };
		4F9C86A6286A2863000D2259 /* InstagramTests.xctest */ = {isa = PBXFileReference; explicitFileType = wrapper.cfbundle; includeInIndex = 0; path = InstagramTests.xctest; sourceTree = BUILT_PRODUCTS_DIR; };
		4F9C86AA286A2863000D2259 /* InstagramTests.m */ = {isa = PBXFileReference; lastKnownFileType = sourcecode.c.objc; path = InstagramTests.m; sourceTree = "<group>"; };
		4F9C86B0286A2863000D2259 /* InstagramUITests.xctest */ = {isa = PBXFileReference; explicitFileType = wrapper.cfbundle; includeInIndex = 0; path = InstagramUITests.xctest; sourceTree = BUILT_PRODUCTS_DIR; };
		4F9C86B4286A2863000D2259 /* InstagramUITests.m */ = {isa = PBXFileReference; lastKnownFileType = sourcecode.c.objc; path = InstagramUITests.m; sourceTree = "<group>"; };
		4F9C86B6286A2863000D2259 /* InstagramUITestsLaunchTests.m */ = {isa = PBXFileReference; lastKnownFileType = sourcecode.c.objc; path = InstagramUITestsLaunchTests.m; sourceTree = "<group>"; };
		4F9C86C3286A45F9000D2259 /* LoginViewController.h */ = {isa = PBXFileReference; lastKnownFileType = sourcecode.c.h; path = LoginViewController.h; sourceTree = "<group>"; };
		4F9C86C4286A45F9000D2259 /* LoginViewController.m */ = {isa = PBXFileReference; lastKnownFileType = sourcecode.c.objc; path = LoginViewController.m; sourceTree = "<group>"; };
		4F9C86C6286A4767000D2259 /* HomeFeedViewController.h */ = {isa = PBXFileReference; lastKnownFileType = sourcecode.c.h; path = HomeFeedViewController.h; sourceTree = "<group>"; };
		4F9C86C7286A4767000D2259 /* HomeFeedViewController.m */ = {isa = PBXFileReference; lastKnownFileType = sourcecode.c.objc; path = HomeFeedViewController.m; sourceTree = "<group>"; };
		4F9C86C9286A4CA9000D2259 /* ComposeViewController.h */ = {isa = PBXFileReference; lastKnownFileType = sourcecode.c.h; path = ComposeViewController.h; sourceTree = "<group>"; };
		4F9C86CA286A4CA9000D2259 /* ComposeViewController.m */ = {isa = PBXFileReference; lastKnownFileType = sourcecode.c.objc; path = ComposeViewController.m; sourceTree = "<group>"; };
		4F9C86CE286A5119000D2259 /* Keys.plist */ = {isa = PBXFileReference; lastKnownFileType = text.plist.xml; path = Keys.plist; sourceTree = "<group>"; };
		4F9C86D0286A572A000D2259 /* ProfileViewController.h */ = {isa = PBXFileReference; lastKnownFileType = sourcecode.c.h; path = ProfileViewController.h; sourceTree = "<group>"; };
		4F9C86D1286A572A000D2259 /* ProfileViewController.m */ = {isa = PBXFileReference; lastKnownFileType = sourcecode.c.objc; path = ProfileViewController.m; sourceTree = "<group>"; };
		4F9C86D3286B5DC4000D2259 /* Post.h */ = {isa = PBXFileReference; lastKnownFileType = sourcecode.c.h; path = Post.h; sourceTree = "<group>"; };
		4F9C86D4286B5DC4000D2259 /* Post.m */ = {isa = PBXFileReference; lastKnownFileType = sourcecode.c.objc; path = Post.m; sourceTree = "<group>"; };
		4F9C86D6286B7256000D2259 /* PostCell.h */ = {isa = PBXFileReference; lastKnownFileType = sourcecode.c.h; path = PostCell.h; sourceTree = "<group>"; };
		4F9C86D7286B7256000D2259 /* PostCell.m */ = {isa = PBXFileReference; lastKnownFileType = sourcecode.c.objc; path = PostCell.m; sourceTree = "<group>"; };
		4F9C86DA286BA6FD000D2259 /* DetailsViewController.h */ = {isa = PBXFileReference; lastKnownFileType = sourcecode.c.h; path = DetailsViewController.h; sourceTree = "<group>"; };
		4F9C86DB286BA6FD000D2259 /* DetailsViewController.m */ = {isa = PBXFileReference; lastKnownFileType = sourcecode.c.objc; path = DetailsViewController.m; sourceTree = "<group>"; };
		532D530639DEDB3923D664E5 /* Pods-InstagramTests.release.xcconfig */ = {isa = PBXFileReference; includeInIndex = 1; lastKnownFileType = text.xcconfig; name = "Pods-InstagramTests.release.xcconfig"; path = "Target Support Files/Pods-InstagramTests/Pods-InstagramTests.release.xcconfig"; sourceTree = "<group>"; };
		5AE8121311E05986B14C8B92 /* Pods-Instagram-InstagramUITests.release.xcconfig */ = {isa = PBXFileReference; includeInIndex = 1; lastKnownFileType = text.xcconfig; name = "Pods-Instagram-InstagramUITests.release.xcconfig"; path = "Target Support Files/Pods-Instagram-InstagramUITests/Pods-Instagram-InstagramUITests.release.xcconfig"; sourceTree = "<group>"; };
		7F1989D6CA971BF79931B386 /* libPods-Instagram-InstagramUITests.a */ = {isa = PBXFileReference; explicitFileType = archive.ar; includeInIndex = 0; path = "libPods-Instagram-InstagramUITests.a"; sourceTree = BUILT_PRODUCTS_DIR; };
		8EA85FDD7E04B74D1359F196 /* Pods-Instagram-InstagramUITests.debug.xcconfig */ = {isa = PBXFileReference; includeInIndex = 1; lastKnownFileType = text.xcconfig; name = "Pods-Instagram-InstagramUITests.debug.xcconfig"; path = "Target Support Files/Pods-Instagram-InstagramUITests/Pods-Instagram-InstagramUITests.debug.xcconfig"; sourceTree = "<group>"; };
		9D80C88546C5EA49B67C5ED1 /* libPods-InstagramTests.a */ = {isa = PBXFileReference; explicitFileType = archive.ar; includeInIndex = 0; path = "libPods-InstagramTests.a"; sourceTree = BUILT_PRODUCTS_DIR; };
		DCD7C7F4D854FBC8C5B4B382 /* Pods-InstagramTests.debug.xcconfig */ = {isa = PBXFileReference; includeInIndex = 1; lastKnownFileType = text.xcconfig; name = "Pods-InstagramTests.debug.xcconfig"; path = "Target Support Files/Pods-InstagramTests/Pods-InstagramTests.debug.xcconfig"; sourceTree = "<group>"; };
		DEA09DB07A3FF430B15FC900 /* Pods-Instagram.debug.xcconfig */ = {isa = PBXFileReference; includeInIndex = 1; lastKnownFileType = text.xcconfig; name = "Pods-Instagram.debug.xcconfig"; path = "Target Support Files/Pods-Instagram/Pods-Instagram.debug.xcconfig"; sourceTree = "<group>"; };
		F0EC6372950513D0FB8A1DE2 /* libPods-Instagram.a */ = {isa = PBXFileReference; explicitFileType = archive.ar; includeInIndex = 0; path = "libPods-Instagram.a"; sourceTree = BUILT_PRODUCTS_DIR; };
/* End PBXFileReference section */

/* Begin PBXFrameworksBuildPhase section */
		4F9C8688286A2862000D2259 /* Frameworks */ = {
			isa = PBXFrameworksBuildPhase;
			buildActionMask = 2147483647;
			files = (
				563C63AA1C456903AB8FFB94 /* libPods-Instagram.a in Frameworks */,
			);
			runOnlyForDeploymentPostprocessing = 0;
		};
		4F9C86A3286A2863000D2259 /* Frameworks */ = {
			isa = PBXFrameworksBuildPhase;
			buildActionMask = 2147483647;
			files = (
				F7A00337EC4EF7A579AA7F2B /* libPods-InstagramTests.a in Frameworks */,
			);
			runOnlyForDeploymentPostprocessing = 0;
		};
		4F9C86AD286A2863000D2259 /* Frameworks */ = {
			isa = PBXFrameworksBuildPhase;
			buildActionMask = 2147483647;
			files = (
				015036243E24064C26CF70CB /* libPods-Instagram-InstagramUITests.a in Frameworks */,
			);
			runOnlyForDeploymentPostprocessing = 0;
		};
/* End PBXFrameworksBuildPhase section */

/* Begin PBXGroup section */
		3267111C42B28E2E8421213C /* Frameworks */ = {
			isa = PBXGroup;
			children = (
				F0EC6372950513D0FB8A1DE2 /* libPods-Instagram.a */,
				7F1989D6CA971BF79931B386 /* libPods-Instagram-InstagramUITests.a */,
				9D80C88546C5EA49B67C5ED1 /* libPods-InstagramTests.a */,
			);
			name = Frameworks;
			sourceTree = "<group>";
		};
		4F9C8682286A2862000D2259 = {
			isa = PBXGroup;
			children = (
				4F9C868D286A2862000D2259 /* Instagram */,
				4F9C86A9286A2863000D2259 /* InstagramTests */,
				4F9C86B3286A2863000D2259 /* InstagramUITests */,
				4F9C868C286A2862000D2259 /* Products */,
				C32993D542AF131F3F0D26C8 /* Pods */,
				3267111C42B28E2E8421213C /* Frameworks */,
			);
			sourceTree = "<group>";
		};
		4F9C868C286A2862000D2259 /* Products */ = {
			isa = PBXGroup;
			children = (
				4F9C868B286A2862000D2259 /* Instagram.app */,
				4F9C86A6286A2863000D2259 /* InstagramTests.xctest */,
				4F9C86B0286A2863000D2259 /* InstagramUITests.xctest */,
			);
			name = Products;
			sourceTree = "<group>";
		};
		4F9C868D286A2862000D2259 /* Instagram */ = {
			isa = PBXGroup;
			children = (
				4F9C868E286A2862000D2259 /* AppDelegate.h */,
				4F9C868F286A2862000D2259 /* AppDelegate.m */,
				4F9C86CE286A5119000D2259 /* Keys.plist */,
				4F9C8691286A2862000D2259 /* SceneDelegate.h */,
				4F9C8692286A2862000D2259 /* SceneDelegate.m */,
				4F9C8697286A2863000D2259 /* Main.storyboard */,
				4F9C86D6286B7256000D2259 /* PostCell.h */,
				4F9C86D7286B7256000D2259 /* PostCell.m */,
				4F9C86CD286A4CCE000D2259 /* View Controllers */,
				4F9C869A286A2863000D2259 /* Assets.xcassets */,
				4F9C86D9286B7268000D2259 /* Models */,
				4F9C869C286A2863000D2259 /* LaunchScreen.storyboard */,
				4F9C869F286A2863000D2259 /* Info.plist */,
				4F9C86A0286A2863000D2259 /* main.m */,
			);
			path = Instagram;
			sourceTree = "<group>";
		};
		4F9C86A9286A2863000D2259 /* InstagramTests */ = {
			isa = PBXGroup;
			children = (
				4F9C86AA286A2863000D2259 /* InstagramTests.m */,
			);
			path = InstagramTests;
			sourceTree = "<group>";
		};
		4F9C86B3286A2863000D2259 /* InstagramUITests */ = {
			isa = PBXGroup;
			children = (
				4F9C86B4286A2863000D2259 /* InstagramUITests.m */,
				4F9C86B6286A2863000D2259 /* InstagramUITestsLaunchTests.m */,
			);
			path = InstagramUITests;
			sourceTree = "<group>";
		};
		4F9C86CD286A4CCE000D2259 /* View Controllers */ = {
			isa = PBXGroup;
			children = (
				4F9C86C9286A4CA9000D2259 /* ComposeViewController.h */,
				4F9C86CA286A4CA9000D2259 /* ComposeViewController.m */,
				4F9C86C6286A4767000D2259 /* HomeFeedViewController.h */,
				4F9C86C7286A4767000D2259 /* HomeFeedViewController.m */,
				4F9C86C3286A45F9000D2259 /* LoginViewController.h */,
				4F9C86C4286A45F9000D2259 /* LoginViewController.m */,
				4F9C86D0286A572A000D2259 /* ProfileViewController.h */,
				4F9C86D1286A572A000D2259 /* ProfileViewController.m */,
				4F9C86DA286BA6FD000D2259 /* DetailsViewController.h */,
				4F9C86DB286BA6FD000D2259 /* DetailsViewController.m */,
			);
			path = "View Controllers";
			sourceTree = "<group>";
		};
		4F9C86D9286B7268000D2259 /* Models */ = {
			isa = PBXGroup;
			children = (
				4F9C86D3286B5DC4000D2259 /* Post.h */,
				4F9C86D4286B5DC4000D2259 /* Post.m */,
			);
			path = Models;
			sourceTree = "<group>";
		};
		C32993D542AF131F3F0D26C8 /* Pods */ = {
			isa = PBXGroup;
			children = (
				DEA09DB07A3FF430B15FC900 /* Pods-Instagram.debug.xcconfig */,
				0655DF96DA780F49EB95EE20 /* Pods-Instagram.release.xcconfig */,
				8EA85FDD7E04B74D1359F196 /* Pods-Instagram-InstagramUITests.debug.xcconfig */,
				5AE8121311E05986B14C8B92 /* Pods-Instagram-InstagramUITests.release.xcconfig */,
				DCD7C7F4D854FBC8C5B4B382 /* Pods-InstagramTests.debug.xcconfig */,
				532D530639DEDB3923D664E5 /* Pods-InstagramTests.release.xcconfig */,
			);
			path = Pods;
			sourceTree = "<group>";
		};
/* End PBXGroup section */

/* Begin PBXNativeTarget section */
		4F9C868A286A2862000D2259 /* Instagram */ = {
			isa = PBXNativeTarget;
			buildConfigurationList = 4F9C86BA286A2863000D2259 /* Build configuration list for PBXNativeTarget "Instagram" */;
			buildPhases = (
				702CFD8DC2AC6A2E72253C3F /* [CP] Check Pods Manifest.lock */,
				4F9C8687286A2862000D2259 /* Sources */,
				4F9C8688286A2862000D2259 /* Frameworks */,
				4F9C8689286A2862000D2259 /* Resources */,
				C0470D3DEBB4513B174BE9C6 /* [CP] Copy Pods Resources */,
			);
			buildRules = (
			);
			dependencies = (
			);
			name = Instagram;
			productName = Instagram;
			productReference = 4F9C868B286A2862000D2259 /* Instagram.app */;
			productType = "com.apple.product-type.application";
		};
		4F9C86A5286A2863000D2259 /* InstagramTests */ = {
			isa = PBXNativeTarget;
			buildConfigurationList = 4F9C86BD286A2863000D2259 /* Build configuration list for PBXNativeTarget "InstagramTests" */;
			buildPhases = (
				1494FBFF106467DEDE92E3C9 /* [CP] Check Pods Manifest.lock */,
				4F9C86A2286A2863000D2259 /* Sources */,
				4F9C86A3286A2863000D2259 /* Frameworks */,
				4F9C86A4286A2863000D2259 /* Resources */,
			);
			buildRules = (
			);
			dependencies = (
				4F9C86A8286A2863000D2259 /* PBXTargetDependency */,
			);
			name = InstagramTests;
			productName = InstagramTests;
			productReference = 4F9C86A6286A2863000D2259 /* InstagramTests.xctest */;
			productType = "com.apple.product-type.bundle.unit-test";
		};
		4F9C86AF286A2863000D2259 /* InstagramUITests */ = {
			isa = PBXNativeTarget;
			buildConfigurationList = 4F9C86C0286A2863000D2259 /* Build configuration list for PBXNativeTarget "InstagramUITests" */;
			buildPhases = (
				89D2E8B12B37AB9ACFF25490 /* [CP] Check Pods Manifest.lock */,
				4F9C86AC286A2863000D2259 /* Sources */,
				4F9C86AD286A2863000D2259 /* Frameworks */,
				4F9C86AE286A2863000D2259 /* Resources */,
				360F73F3399E1DF96C983D4A /* [CP] Copy Pods Resources */,
			);
			buildRules = (
			);
			dependencies = (
				4F9C86B2286A2863000D2259 /* PBXTargetDependency */,
			);
			name = InstagramUITests;
			productName = InstagramUITests;
			productReference = 4F9C86B0286A2863000D2259 /* InstagramUITests.xctest */;
			productType = "com.apple.product-type.bundle.ui-testing";
		};
/* End PBXNativeTarget section */

/* Begin PBXProject section */
		4F9C8683286A2862000D2259 /* Project object */ = {
			isa = PBXProject;
			attributes = {
				BuildIndependentTargetsInParallel = 1;
				LastUpgradeCheck = 1340;
				TargetAttributes = {
					4F9C868A286A2862000D2259 = {
						CreatedOnToolsVersion = 13.4;
					};
					4F9C86A5286A2863000D2259 = {
						CreatedOnToolsVersion = 13.4;
						TestTargetID = 4F9C868A286A2862000D2259;
					};
					4F9C86AF286A2863000D2259 = {
						CreatedOnToolsVersion = 13.4;
						TestTargetID = 4F9C868A286A2862000D2259;
					};
				};
			};
			buildConfigurationList = 4F9C8686286A2862000D2259 /* Build configuration list for PBXProject "Instagram" */;
			compatibilityVersion = "Xcode 13.0";
			developmentRegion = en;
			hasScannedForEncodings = 0;
			knownRegions = (
				en,
				Base,
			);
			mainGroup = 4F9C8682286A2862000D2259;
			productRefGroup = 4F9C868C286A2862000D2259 /* Products */;
			projectDirPath = "";
			projectRoot = "";
			targets = (
				4F9C868A286A2862000D2259 /* Instagram */,
				4F9C86A5286A2863000D2259 /* InstagramTests */,
				4F9C86AF286A2863000D2259 /* InstagramUITests */,
			);
		};
/* End PBXProject section */

/* Begin PBXResourcesBuildPhase section */
		4F9C8689286A2862000D2259 /* Resources */ = {
			isa = PBXResourcesBuildPhase;
			buildActionMask = 2147483647;
			files = (
				4F9C86CF286A5119000D2259 /* Keys.plist in Resources */,
				4F9C869E286A2863000D2259 /* LaunchScreen.storyboard in Resources */,
				4F9C869B286A2863000D2259 /* Assets.xcassets in Resources */,
				4F9C8699286A2863000D2259 /* Main.storyboard in Resources */,
			);
			runOnlyForDeploymentPostprocessing = 0;
		};
		4F9C86A4286A2863000D2259 /* Resources */ = {
			isa = PBXResourcesBuildPhase;
			buildActionMask = 2147483647;
			files = (
			);
			runOnlyForDeploymentPostprocessing = 0;
		};
		4F9C86AE286A2863000D2259 /* Resources */ = {
			isa = PBXResourcesBuildPhase;
			buildActionMask = 2147483647;
			files = (
			);
			runOnlyForDeploymentPostprocessing = 0;
		};
/* End PBXResourcesBuildPhase section */

/* Begin PBXShellScriptBuildPhase section */
		1494FBFF106467DEDE92E3C9 /* [CP] Check Pods Manifest.lock */ = {
			isa = PBXShellScriptBuildPhase;
			buildActionMask = 2147483647;
			files = (
			);
			inputFileListPaths = (
			);
			inputPaths = (
				"${PODS_PODFILE_DIR_PATH}/Podfile.lock",
				"${PODS_ROOT}/Manifest.lock",
			);
			name = "[CP] Check Pods Manifest.lock";
			outputFileListPaths = (
			);
			outputPaths = (
				"$(DERIVED_FILE_DIR)/Pods-InstagramTests-checkManifestLockResult.txt",
			);
			runOnlyForDeploymentPostprocessing = 0;
			shellPath = /bin/sh;
			shellScript = "diff \"${PODS_PODFILE_DIR_PATH}/Podfile.lock\" \"${PODS_ROOT}/Manifest.lock\" > /dev/null\nif [ $? != 0 ] ; then\n    # print error to STDERR\n    echo \"error: The sandbox is not in sync with the Podfile.lock. Run 'pod install' or update your CocoaPods installation.\" >&2\n    exit 1\nfi\n# This output is used by Xcode 'outputs' to avoid re-running this script phase.\necho \"SUCCESS\" > \"${SCRIPT_OUTPUT_FILE_0}\"\n";
			showEnvVarsInLog = 0;
		};
		360F73F3399E1DF96C983D4A /* [CP] Copy Pods Resources */ = {
			isa = PBXShellScriptBuildPhase;
			buildActionMask = 2147483647;
			files = (
			);
			inputFileListPaths = (
				"${PODS_ROOT}/Target Support Files/Pods-Instagram-InstagramUITests/Pods-Instagram-InstagramUITests-resources-${CONFIGURATION}-input-files.xcfilelist",
			);
			name = "[CP] Copy Pods Resources";
			outputFileListPaths = (
				"${PODS_ROOT}/Target Support Files/Pods-Instagram-InstagramUITests/Pods-Instagram-InstagramUITests-resources-${CONFIGURATION}-output-files.xcfilelist",
			);
			runOnlyForDeploymentPostprocessing = 0;
			shellPath = /bin/sh;
			shellScript = "\"${PODS_ROOT}/Target Support Files/Pods-Instagram-InstagramUITests/Pods-Instagram-InstagramUITests-resources.sh\"\n";
			showEnvVarsInLog = 0;
		};
		702CFD8DC2AC6A2E72253C3F /* [CP] Check Pods Manifest.lock */ = {
			isa = PBXShellScriptBuildPhase;
			buildActionMask = 2147483647;
			files = (
			);
			inputFileListPaths = (
			);
			inputPaths = (
				"${PODS_PODFILE_DIR_PATH}/Podfile.lock",
				"${PODS_ROOT}/Manifest.lock",
			);
			name = "[CP] Check Pods Manifest.lock";
			outputFileListPaths = (
			);
			outputPaths = (
				"$(DERIVED_FILE_DIR)/Pods-Instagram-checkManifestLockResult.txt",
			);
			runOnlyForDeploymentPostprocessing = 0;
			shellPath = /bin/sh;
			shellScript = "diff \"${PODS_PODFILE_DIR_PATH}/Podfile.lock\" \"${PODS_ROOT}/Manifest.lock\" > /dev/null\nif [ $? != 0 ] ; then\n    # print error to STDERR\n    echo \"error: The sandbox is not in sync with the Podfile.lock. Run 'pod install' or update your CocoaPods installation.\" >&2\n    exit 1\nfi\n# This output is used by Xcode 'outputs' to avoid re-running this script phase.\necho \"SUCCESS\" > \"${SCRIPT_OUTPUT_FILE_0}\"\n";
			showEnvVarsInLog = 0;
		};
		89D2E8B12B37AB9ACFF25490 /* [CP] Check Pods Manifest.lock */ = {
			isa = PBXShellScriptBuildPhase;
			buildActionMask = 2147483647;
			files = (
			);
			inputFileListPaths = (
			);
			inputPaths = (
				"${PODS_PODFILE_DIR_PATH}/Podfile.lock",
				"${PODS_ROOT}/Manifest.lock",
			);
			name = "[CP] Check Pods Manifest.lock";
			outputFileListPaths = (
			);
			outputPaths = (
				"$(DERIVED_FILE_DIR)/Pods-Instagram-InstagramUITests-checkManifestLockResult.txt",
			);
			runOnlyForDeploymentPostprocessing = 0;
			shellPath = /bin/sh;
			shellScript = "diff \"${PODS_PODFILE_DIR_PATH}/Podfile.lock\" \"${PODS_ROOT}/Manifest.lock\" > /dev/null\nif [ $? != 0 ] ; then\n    # print error to STDERR\n    echo \"error: The sandbox is not in sync with the Podfile.lock. Run 'pod install' or update your CocoaPods installation.\" >&2\n    exit 1\nfi\n# This output is used by Xcode 'outputs' to avoid re-running this script phase.\necho \"SUCCESS\" > \"${SCRIPT_OUTPUT_FILE_0}\"\n";
			showEnvVarsInLog = 0;
		};
		C0470D3DEBB4513B174BE9C6 /* [CP] Copy Pods Resources */ = {
			isa = PBXShellScriptBuildPhase;
			buildActionMask = 2147483647;
			files = (
			);
			inputFileListPaths = (
				"${PODS_ROOT}/Target Support Files/Pods-Instagram/Pods-Instagram-resources-${CONFIGURATION}-input-files.xcfilelist",
			);
			name = "[CP] Copy Pods Resources";
			outputFileListPaths = (
				"${PODS_ROOT}/Target Support Files/Pods-Instagram/Pods-Instagram-resources-${CONFIGURATION}-output-files.xcfilelist",
			);
			runOnlyForDeploymentPostprocessing = 0;
			shellPath = /bin/sh;
			shellScript = "\"${PODS_ROOT}/Target Support Files/Pods-Instagram/Pods-Instagram-resources.sh\"\n";
			showEnvVarsInLog = 0;
		};
/* End PBXShellScriptBuildPhase section */

/* Begin PBXSourcesBuildPhase section */
		4F9C8687286A2862000D2259 /* Sources */ = {
			isa = PBXSourcesBuildPhase;
			buildActionMask = 2147483647;
			files = (
				4F9C86C8286A4767000D2259 /* HomeFeedViewController.m in Sources */,
				4F9C86DC286BA6FD000D2259 /* DetailsViewController.m in Sources */,
				4F9C86C5286A45F9000D2259 /* LoginViewController.m in Sources */,
				4F9C8690286A2862000D2259 /* AppDelegate.m in Sources */,
				4F9C86CB286A4CA9000D2259 /* ComposeViewController.m in Sources */,
				4F9C86D2286A572A000D2259 /* ProfileViewController.m in Sources */,
				4F9C86D8286B7256000D2259 /* PostCell.m in Sources */,
				4F9C86A1286A2863000D2259 /* main.m in Sources */,
				4F9C8693286A2862000D2259 /* SceneDelegate.m in Sources */,
				4F9C86D5286B5DC4000D2259 /* Post.m in Sources */,
			);
			runOnlyForDeploymentPostprocessing = 0;
		};
		4F9C86A2286A2863000D2259 /* Sources */ = {
			isa = PBXSourcesBuildPhase;
			buildActionMask = 2147483647;
			files = (
				4F9C86AB286A2863000D2259 /* InstagramTests.m in Sources */,
			);
			runOnlyForDeploymentPostprocessing = 0;
		};
		4F9C86AC286A2863000D2259 /* Sources */ = {
			isa = PBXSourcesBuildPhase;
			buildActionMask = 2147483647;
			files = (
				4F9C86B5286A2863000D2259 /* InstagramUITests.m in Sources */,
				4F9C86B7286A2863000D2259 /* InstagramUITestsLaunchTests.m in Sources */,
			);
			runOnlyForDeploymentPostprocessing = 0;
		};
/* End PBXSourcesBuildPhase section */

/* Begin PBXTargetDependency section */
		4F9C86A8286A2863000D2259 /* PBXTargetDependency */ = {
			isa = PBXTargetDependency;
			target = 4F9C868A286A2862000D2259 /* Instagram */;
			targetProxy = 4F9C86A7286A2863000D2259 /* PBXContainerItemProxy */;
		};
		4F9C86B2286A2863000D2259 /* PBXTargetDependency */ = {
			isa = PBXTargetDependency;
			target = 4F9C868A286A2862000D2259 /* Instagram */;
			targetProxy = 4F9C86B1286A2863000D2259 /* PBXContainerItemProxy */;
		};
/* End PBXTargetDependency section */

/* Begin PBXVariantGroup section */
		4F9C8697286A2863000D2259 /* Main.storyboard */ = {
			isa = PBXVariantGroup;
			children = (
				4F9C8698286A2863000D2259 /* Base */,
			);
			name = Main.storyboard;
			sourceTree = "<group>";
		};
		4F9C869C286A2863000D2259 /* LaunchScreen.storyboard */ = {
			isa = PBXVariantGroup;
			children = (
				4F9C869D286A2863000D2259 /* Base */,
			);
			name = LaunchScreen.storyboard;
			sourceTree = "<group>";
		};
/* End PBXVariantGroup section */

/* Begin XCBuildConfiguration section */
		4F9C86B8286A2863000D2259 /* Debug */ = {
			isa = XCBuildConfiguration;
			buildSettings = {
				ALWAYS_SEARCH_USER_PATHS = NO;
				CLANG_ANALYZER_NONNULL = YES;
				CLANG_ANALYZER_NUMBER_OBJECT_CONVERSION = YES_AGGRESSIVE;
				CLANG_CXX_LANGUAGE_STANDARD = "gnu++17";
				CLANG_ENABLE_MODULES = YES;
				CLANG_ENABLE_OBJC_ARC = YES;
				CLANG_ENABLE_OBJC_WEAK = YES;
				CLANG_WARN_BLOCK_CAPTURE_AUTORELEASING = YES;
				CLANG_WARN_BOOL_CONVERSION = YES;
				CLANG_WARN_COMMA = YES;
				CLANG_WARN_CONSTANT_CONVERSION = YES;
				CLANG_WARN_DEPRECATED_OBJC_IMPLEMENTATIONS = YES;
				CLANG_WARN_DIRECT_OBJC_ISA_USAGE = YES_ERROR;
				CLANG_WARN_DOCUMENTATION_COMMENTS = YES;
				CLANG_WARN_EMPTY_BODY = YES;
				CLANG_WARN_ENUM_CONVERSION = YES;
				CLANG_WARN_INFINITE_RECURSION = YES;
				CLANG_WARN_INT_CONVERSION = YES;
				CLANG_WARN_NON_LITERAL_NULL_CONVERSION = YES;
				CLANG_WARN_OBJC_IMPLICIT_RETAIN_SELF = YES;
				CLANG_WARN_OBJC_LITERAL_CONVERSION = YES;
				CLANG_WARN_OBJC_ROOT_CLASS = YES_ERROR;
				CLANG_WARN_QUOTED_INCLUDE_IN_FRAMEWORK_HEADER = YES;
				CLANG_WARN_RANGE_LOOP_ANALYSIS = YES;
				CLANG_WARN_STRICT_PROTOTYPES = YES;
				CLANG_WARN_SUSPICIOUS_MOVE = YES;
				CLANG_WARN_UNGUARDED_AVAILABILITY = YES_AGGRESSIVE;
				CLANG_WARN_UNREACHABLE_CODE = YES;
				CLANG_WARN__DUPLICATE_METHOD_MATCH = YES;
				COPY_PHASE_STRIP = NO;
				DEBUG_INFORMATION_FORMAT = dwarf;
				ENABLE_STRICT_OBJC_MSGSEND = YES;
				ENABLE_TESTABILITY = YES;
				GCC_C_LANGUAGE_STANDARD = gnu11;
				GCC_DYNAMIC_NO_PIC = NO;
				GCC_NO_COMMON_BLOCKS = YES;
				GCC_OPTIMIZATION_LEVEL = 0;
				GCC_PREPROCESSOR_DEFINITIONS = (
					"DEBUG=1",
					"$(inherited)",
				);
				GCC_WARN_64_TO_32_BIT_CONVERSION = YES;
				GCC_WARN_ABOUT_RETURN_TYPE = YES_ERROR;
				GCC_WARN_UNDECLARED_SELECTOR = YES;
				GCC_WARN_UNINITIALIZED_AUTOS = YES_AGGRESSIVE;
				GCC_WARN_UNUSED_FUNCTION = YES;
				GCC_WARN_UNUSED_VARIABLE = YES;
				IPHONEOS_DEPLOYMENT_TARGET = 15.5;
				MTL_ENABLE_DEBUG_INFO = INCLUDE_SOURCE;
				MTL_FAST_MATH = YES;
				ONLY_ACTIVE_ARCH = YES;
				SDKROOT = iphoneos;
			};
			name = Debug;
		};
		4F9C86B9286A2863000D2259 /* Release */ = {
			isa = XCBuildConfiguration;
			buildSettings = {
				ALWAYS_SEARCH_USER_PATHS = NO;
				CLANG_ANALYZER_NONNULL = YES;
				CLANG_ANALYZER_NUMBER_OBJECT_CONVERSION = YES_AGGRESSIVE;
				CLANG_CXX_LANGUAGE_STANDARD = "gnu++17";
				CLANG_ENABLE_MODULES = YES;
				CLANG_ENABLE_OBJC_ARC = YES;
				CLANG_ENABLE_OBJC_WEAK = YES;
				CLANG_WARN_BLOCK_CAPTURE_AUTORELEASING = YES;
				CLANG_WARN_BOOL_CONVERSION = YES;
				CLANG_WARN_COMMA = YES;
				CLANG_WARN_CONSTANT_CONVERSION = YES;
				CLANG_WARN_DEPRECATED_OBJC_IMPLEMENTATIONS = YES;
				CLANG_WARN_DIRECT_OBJC_ISA_USAGE = YES_ERROR;
				CLANG_WARN_DOCUMENTATION_COMMENTS = YES;
				CLANG_WARN_EMPTY_BODY = YES;
				CLANG_WARN_ENUM_CONVERSION = YES;
				CLANG_WARN_INFINITE_RECURSION = YES;
				CLANG_WARN_INT_CONVERSION = YES;
				CLANG_WARN_NON_LITERAL_NULL_CONVERSION = YES;
				CLANG_WARN_OBJC_IMPLICIT_RETAIN_SELF = YES;
				CLANG_WARN_OBJC_LITERAL_CONVERSION = YES;
				CLANG_WARN_OBJC_ROOT_CLASS = YES_ERROR;
				CLANG_WARN_QUOTED_INCLUDE_IN_FRAMEWORK_HEADER = YES;
				CLANG_WARN_RANGE_LOOP_ANALYSIS = YES;
				CLANG_WARN_STRICT_PROTOTYPES = YES;
				CLANG_WARN_SUSPICIOUS_MOVE = YES;
				CLANG_WARN_UNGUARDED_AVAILABILITY = YES_AGGRESSIVE;
				CLANG_WARN_UNREACHABLE_CODE = YES;
				CLANG_WARN__DUPLICATE_METHOD_MATCH = YES;
				COPY_PHASE_STRIP = NO;
				DEBUG_INFORMATION_FORMAT = "dwarf-with-dsym";
				ENABLE_NS_ASSERTIONS = NO;
				ENABLE_STRICT_OBJC_MSGSEND = YES;
				GCC_C_LANGUAGE_STANDARD = gnu11;
				GCC_NO_COMMON_BLOCKS = YES;
				GCC_WARN_64_TO_32_BIT_CONVERSION = YES;
				GCC_WARN_ABOUT_RETURN_TYPE = YES_ERROR;
				GCC_WARN_UNDECLARED_SELECTOR = YES;
				GCC_WARN_UNINITIALIZED_AUTOS = YES_AGGRESSIVE;
				GCC_WARN_UNUSED_FUNCTION = YES;
				GCC_WARN_UNUSED_VARIABLE = YES;
				IPHONEOS_DEPLOYMENT_TARGET = 15.5;
				MTL_ENABLE_DEBUG_INFO = NO;
				MTL_FAST_MATH = YES;
				SDKROOT = iphoneos;
				VALIDATE_PRODUCT = YES;
			};
			name = Release;
		};
		4F9C86BB286A2863000D2259 /* Debug */ = {
			isa = XCBuildConfiguration;
			baseConfigurationReference = DEA09DB07A3FF430B15FC900 /* Pods-Instagram.debug.xcconfig */;
			buildSettings = {
				ASSETCATALOG_COMPILER_APPICON_NAME = AppIcon;
				ASSETCATALOG_COMPILER_GLOBAL_ACCENT_COLOR_NAME = AccentColor;
				CODE_SIGN_STYLE = Automatic;
				CURRENT_PROJECT_VERSION = 1;
				DEVELOPMENT_TEAM = CSJ58387Y7;
				GENERATE_INFOPLIST_FILE = YES;
				INFOPLIST_FILE = Instagram/Info.plist;
				INFOPLIST_KEY_UIApplicationSupportsIndirectInputEvents = YES;
				INFOPLIST_KEY_UILaunchStoryboardName = LaunchScreen;
				INFOPLIST_KEY_UIMainStoryboardFile = Main;
				INFOPLIST_KEY_UISupportedInterfaceOrientations_iPad = "UIInterfaceOrientationPortrait UIInterfaceOrientationPortraitUpsideDown UIInterfaceOrientationLandscapeLeft UIInterfaceOrientationLandscapeRight";
				INFOPLIST_KEY_UISupportedInterfaceOrientations_iPhone = "UIInterfaceOrientationPortrait UIInterfaceOrientationLandscapeLeft UIInterfaceOrientationLandscapeRight";
				LD_RUNPATH_SEARCH_PATHS = (
					"$(inherited)",
					"@executable_path/Frameworks",
				);
				MARKETING_VERSION = 1.0;
				PRODUCT_BUNDLE_IDENTIFIER = com.codepath.Instagram12;
				PRODUCT_NAME = "$(TARGET_NAME)";
				SWIFT_EMIT_LOC_STRINGS = YES;
				TARGETED_DEVICE_FAMILY = "1,2";
			};
			name = Debug;
		};
		4F9C86BC286A2863000D2259 /* Release */ = {
			isa = XCBuildConfiguration;
			baseConfigurationReference = 0655DF96DA780F49EB95EE20 /* Pods-Instagram.release.xcconfig */;
			buildSettings = {
				ASSETCATALOG_COMPILER_APPICON_NAME = AppIcon;
				ASSETCATALOG_COMPILER_GLOBAL_ACCENT_COLOR_NAME = AccentColor;
				CODE_SIGN_STYLE = Automatic;
				CURRENT_PROJECT_VERSION = 1;
				DEVELOPMENT_TEAM = CSJ58387Y7;
				GENERATE_INFOPLIST_FILE = YES;
				INFOPLIST_FILE = Instagram/Info.plist;
				INFOPLIST_KEY_UIApplicationSupportsIndirectInputEvents = YES;
				INFOPLIST_KEY_UILaunchStoryboardName = LaunchScreen;
				INFOPLIST_KEY_UIMainStoryboardFile = Main;
				INFOPLIST_KEY_UISupportedInterfaceOrientations_iPad = "UIInterfaceOrientationPortrait UIInterfaceOrientationPortraitUpsideDown UIInterfaceOrientationLandscapeLeft UIInterfaceOrientationLandscapeRight";
				INFOPLIST_KEY_UISupportedInterfaceOrientations_iPhone = "UIInterfaceOrientationPortrait UIInterfaceOrientationLandscapeLeft UIInterfaceOrientationLandscapeRight";
				LD_RUNPATH_SEARCH_PATHS = (
					"$(inherited)",
					"@executable_path/Frameworks",
				);
				MARKETING_VERSION = 1.0;
				PRODUCT_BUNDLE_IDENTIFIER = com.codepath.Instagram12;
				PRODUCT_NAME = "$(TARGET_NAME)";
				SWIFT_EMIT_LOC_STRINGS = YES;
				TARGETED_DEVICE_FAMILY = "1,2";
			};
			name = Release;
		};
		4F9C86BE286A2863000D2259 /* Debug */ = {
			isa = XCBuildConfiguration;
			baseConfigurationReference = DCD7C7F4D854FBC8C5B4B382 /* Pods-InstagramTests.debug.xcconfig */;
			buildSettings = {
				BUNDLE_LOADER = "$(TEST_HOST)";
				CODE_SIGN_STYLE = Automatic;
				CURRENT_PROJECT_VERSION = 1;
				GENERATE_INFOPLIST_FILE = YES;
				IPHONEOS_DEPLOYMENT_TARGET = 15.5;
				MARKETING_VERSION = 1.0;
				PRODUCT_BUNDLE_IDENTIFIER = com.codepath.InstagramTests;
				PRODUCT_NAME = "$(TARGET_NAME)";
				SWIFT_EMIT_LOC_STRINGS = NO;
				TARGETED_DEVICE_FAMILY = "1,2";
				TEST_HOST = "$(BUILT_PRODUCTS_DIR)/Instagram.app/Instagram";
			};
			name = Debug;
		};
		4F9C86BF286A2863000D2259 /* Release */ = {
			isa = XCBuildConfiguration;
			baseConfigurationReference = 532D530639DEDB3923D664E5 /* Pods-InstagramTests.release.xcconfig */;
			buildSettings = {
				BUNDLE_LOADER = "$(TEST_HOST)";
				CODE_SIGN_STYLE = Automatic;
				CURRENT_PROJECT_VERSION = 1;
				GENERATE_INFOPLIST_FILE = YES;
				IPHONEOS_DEPLOYMENT_TARGET = 15.5;
				MARKETING_VERSION = 1.0;
				PRODUCT_BUNDLE_IDENTIFIER = com.codepath.InstagramTests;
				PRODUCT_NAME = "$(TARGET_NAME)";
				SWIFT_EMIT_LOC_STRINGS = NO;
				TARGETED_DEVICE_FAMILY = "1,2";
				TEST_HOST = "$(BUILT_PRODUCTS_DIR)/Instagram.app/Instagram";
			};
			name = Release;
		};
		4F9C86C1286A2863000D2259 /* Debug */ = {
			isa = XCBuildConfiguration;
			baseConfigurationReference = 8EA85FDD7E04B74D1359F196 /* Pods-Instagram-InstagramUITests.debug.xcconfig */;
			buildSettings = {
				CODE_SIGN_STYLE = Automatic;
				CURRENT_PROJECT_VERSION = 1;
				GENERATE_INFOPLIST_FILE = YES;
				MARKETING_VERSION = 1.0;
				PRODUCT_BUNDLE_IDENTIFIER = com.codepath.InstagramUITests;
				PRODUCT_NAME = "$(TARGET_NAME)";
				SWIFT_EMIT_LOC_STRINGS = NO;
				TARGETED_DEVICE_FAMILY = "1,2";
				TEST_TARGET_NAME = Instagram;
			};
			name = Debug;
		};
		4F9C86C2286A2863000D2259 /* Release */ = {
			isa = XCBuildConfiguration;
			baseConfigurationReference = 5AE8121311E05986B14C8B92 /* Pods-Instagram-InstagramUITests.release.xcconfig */;
			buildSettings = {
				CODE_SIGN_STYLE = Automatic;
				CURRENT_PROJECT_VERSION = 1;
				GENERATE_INFOPLIST_FILE = YES;
				MARKETING_VERSION = 1.0;
				PRODUCT_BUNDLE_IDENTIFIER = com.codepath.InstagramUITests;
				PRODUCT_NAME = "$(TARGET_NAME)";
				SWIFT_EMIT_LOC_STRINGS = NO;
				TARGETED_DEVICE_FAMILY = "1,2";
				TEST_TARGET_NAME = Instagram;
			};
			name = Release;
		};
/* End XCBuildConfiguration section */

/* Begin XCConfigurationList section */
		4F9C8686286A2862000D2259 /* Build configuration list for PBXProject "Instagram" */ = {
			isa = XCConfigurationList;
			buildConfigurations = (
				4F9C86B8286A2863000D2259 /* Debug */,
				4F9C86B9286A2863000D2259 /* Release */,
			);
			defaultConfigurationIsVisible = 0;
			defaultConfigurationName = Release;
		};
		4F9C86BA286A2863000D2259 /* Build configuration list for PBXNativeTarget "Instagram" */ = {
			isa = XCConfigurationList;
			buildConfigurations = (
				4F9C86BB286A2863000D2259 /* Debug */,
				4F9C86BC286A2863000D2259 /* Release */,
			);
			defaultConfigurationIsVisible = 0;
			defaultConfigurationName = Release;
		};
		4F9C86BD286A2863000D2259 /* Build configuration list for PBXNativeTarget "InstagramTests" */ = {
			isa = XCConfigurationList;
			buildConfigurations = (
				4F9C86BE286A2863000D2259 /* Debug */,
				4F9C86BF286A2863000D2259 /* Release */,
			);
			defaultConfigurationIsVisible = 0;
			defaultConfigurationName = Release;
		};
		4F9C86C0286A2863000D2259 /* Build configuration list for PBXNativeTarget "InstagramUITests" */ = {
			isa = XCConfigurationList;
			buildConfigurations = (
				4F9C86C1286A2863000D2259 /* Debug */,
				4F9C86C2286A2863000D2259 /* Release */,
			);
			defaultConfigurationIsVisible = 0;
			defaultConfigurationName = Release;
		};
/* End XCConfigurationList section */
	};
	rootObject = 4F9C8683286A2862000D2259 /* Project object */;
}
